
Microsoft Visual Studio Solution File, Format Version 12.00
# Visual Studio Version 16
VisualStudioVersion = 16.0.31112.23
MinimumVisualStudioVersion = 10.0.40219.1
Project("{FAE04EC0-301F-11D3-BF4B-00C04F79EFBC}") = "ClassLibrary", "ClassLibrary\ClassLibrary.csproj", "{0453C67B-1ABC-482E-8374-27A4BE1F8CA9}"
EndProject
Project("{FAE04EC0-301F-11D3-BF4B-00C04F79EFBC}") = "MainProgram", "MainProgram\MainProgram.csproj", "{E51269CF-6559-4BD9-BE44-11C7C5CD9CF0}"
EndProject
Global
	GlobalSection(SolutionConfigurationPlatforms) = preSolution
		Debug|Any CPU = Debug|Any CPU
		Release|Any CPU = Release|Any CPU
	EndGlobalSection
	GlobalSection(ProjectConfigurationPlatforms) = postSolution
		{0453C67B-1ABC-482E-8374-27A4BE1F8CA9}.Debug|Any CPU.ActiveCfg = Debug|Any CPU
		{0453C67B-1ABC-482E-8374-27A4BE1F8CA9}.Debug|Any CPU.Build.0 = Debug|Any CPU
		{0453C67B-1ABC-482E-8374-27A4BE1F8CA9}.Release|Any CPU.ActiveCfg = Release|Any CPU
		{0453C67B-1ABC-482E-8374-27A4BE1F8CA9}.Release|Any CPU.Build.0 = Release|Any CPU
		{E51269CF-6559-4BD9-BE44-11C7C5CD9CF0}.Debug|Any CPU.ActiveCfg = Debug|Any CPU
		{E51269CF-6559-4BD9-BE44-11C7C5CD9CF0}.Debug|Any CPU.Build.0 = Debug|Any CPU
		{E51269CF-6559-4BD9-BE44-11C7C5CD9CF0}.Release|Any CPU.ActiveCfg = Release|Any CPU
		{E51269CF-6559-4BD9-BE44-11C7C5CD9CF0}.Release|Any CPU.Build.0 = Release|Any CPU
	EndGlobalSection
	GlobalSection(SolutionProperties) = preSolution
		HideSolutionNode = FALSE
	EndGlobalSection
	GlobalSection(ExtensibilityGlobals) = postSolution
		SolutionGuid = {B010AB88-F673-41ED-A129-AC0510F2AAAB}
	EndGlobalSection
EndGlobal
